
Microsoft Visual Studio Solution File, Format Version 12.00
# Visual Studio 15
VisualStudioVersion = 15.0.27428.2027
MinimumVisualStudioVersion = 10.0.40219.1
Project("{FAE04EC0-301F-11D3-BF4B-00C04F79EFBC}") = "BitcoinServerCore", "BitcoinServerCore\BitcoinServerCore.csproj", "{A1A31A17-F5C0-49B6-949A-4DB8EB448AD7}"
EndProject
Global
	GlobalSection(SolutionConfigurationPlatforms) = preSolution
		Debug|Any CPU = Debug|Any CPU
		Release|Any CPU = Release|Any CPU
	EndGlobalSection
	GlobalSection(ProjectConfigurationPlatforms) = postSolution
		{A1A31A17-F5C0-49B6-949A-4DB8EB448AD7}.Debug|Any CPU.ActiveCfg = Debug|Any CPU
		{A1A31A17-F5C0-49B6-949A-4DB8EB448AD7}.Debug|Any CPU.Build.0 = Debug|Any CPU
		{A1A31A17-F5C0-49B6-949A-4DB8EB448AD7}.Release|Any CPU.ActiveCfg = Release|Any CPU
		{A1A31A17-F5C0-49B6-949A-4DB8EB448AD7}.Release|Any CPU.Build.0 = Release|Any CPU
	EndGlobalSection
	GlobalSection(SolutionProperties) = preSolution
		HideSolutionNode = FALSE
	EndGlobalSection
	GlobalSection(ExtensibilityGlobals) = postSolution
		SolutionGuid = {AC8928DD-FFE7-4D63-A352-28C53EBA2616}
	EndGlobalSection
EndGlobal
